
Microsoft Visual Studio Solution File, Format Version 12.00
# Visual Studio Version 16
VisualStudioVersion = 16.0.29728.190
MinimumVisualStudioVersion = 10.0.40219.1
Project("{FAE04EC0-301F-11D3-BF4B-00C04F79EFBC}") = "MediaController", "src\MediaController\MediaController.csproj", "{F5A54A82-9DAA-4570-827F-0FAD71662F65}"
EndProject
Global
	GlobalSection(SolutionConfigurationPlatforms) = preSolution
		Debug|Any CPU = Debug|Any CPU
		Release|Any CPU = Release|Any CPU
	EndGlobalSection
	GlobalSection(ProjectConfigurationPlatforms) = postSolution
		{F5A54A82-9DAA-4570-827F-0FAD71662F65}.Debug|Any CPU.ActiveCfg = Debug|Any CPU
		{F5A54A82-9DAA-4570-827F-0FAD71662F65}.Debug|Any CPU.Build.0 = Debug|Any CPU
		{F5A54A82-9DAA-4570-827F-0FAD71662F65}.Release|Any CPU.ActiveCfg = Release|Any CPU
		{F5A54A82-9DAA-4570-827F-0FAD71662F65}.Release|Any CPU.Build.0 = Release|Any CPU
	EndGlobalSection
	GlobalSection(SolutionProperties) = preSolution
		HideSolutionNode = FALSE
	EndGlobalSection
	GlobalSection(ExtensibilityGlobals) = postSolution
		SolutionGuid = {6C8B6CFC-33D9-4346-8268-75CAA18A03D0}
	EndGlobalSection
EndGlobal
